
Microsoft Visual Studio Solution File, Format Version 12.00
# Visual Studio 15
VisualStudioVersion = 15.0.27130.2010
MinimumVisualStudioVersion = 10.0.40219.1
Project("{FAE04EC0-301F-11D3-BF4B-00C04F79EFBC}") = "RuleEngine", "RuleEngine\RuleEngine.csproj", "{7A80BD78-16E8-4B42-A7B7-ECB66290E117}"
EndProject
Project("{FAE04EC0-301F-11D3-BF4B-00C04F79EFBC}") = "RuleEngine.Tests", "RuleEngine.Tests\RuleEngine.Tests.csproj", "{9CBB12A3-62A3-4745-B5B5-8C625BAC1AE2}"
EndProject
Global
	GlobalSection(SolutionConfigurationPlatforms) = preSolution
		Debug|Any CPU = Debug|Any CPU
		Release|Any CPU = Release|Any CPU
	EndGlobalSection
	GlobalSection(ProjectConfigurationPlatforms) = postSolution
		{7A80BD78-16E8-4B42-A7B7-ECB66290E117}.Debug|Any CPU.ActiveCfg = Debug|Any CPU
		{7A80BD78-16E8-4B42-A7B7-ECB66290E117}.Debug|Any CPU.Build.0 = Debug|Any CPU
		{7A80BD78-16E8-4B42-A7B7-ECB66290E117}.Release|Any CPU.ActiveCfg = Release|Any CPU
		{7A80BD78-16E8-4B42-A7B7-ECB66290E117}.Release|Any CPU.Build.0 = Release|Any CPU
		{9CBB12A3-62A3-4745-B5B5-8C625BAC1AE2}.Debug|Any CPU.ActiveCfg = Debug|Any CPU
		{9CBB12A3-62A3-4745-B5B5-8C625BAC1AE2}.Debug|Any CPU.Build.0 = Debug|Any CPU
		{9CBB12A3-62A3-4745-B5B5-8C625BAC1AE2}.Release|Any CPU.ActiveCfg = Release|Any CPU
		{9CBB12A3-62A3-4745-B5B5-8C625BAC1AE2}.Release|Any CPU.Build.0 = Release|Any CPU
	EndGlobalSection
	GlobalSection(SolutionProperties) = preSolution
		HideSolutionNode = FALSE
	EndGlobalSection
	GlobalSection(ExtensibilityGlobals) = postSolution
		SolutionGuid = {D4F97923-A98F-4838-86D4-EA753E6C07A9}
	EndGlobalSection
EndGlobal
